
Microsoft Visual Studio Solution File, Format Version 12.00
# Visual Studio Version 17
VisualStudioVersion = 17.8.34330.188
MinimumVisualStudioVersion = 10.0.40219.1
Project("{FAE04EC0-301F-11D3-BF4B-00C04F79EFBC}") = "All project", "All project\All project.csproj", "{A6C63E3B-252E-4478-9FFF-7F5F4725131C}"
EndProject
Global
	GlobalSection(SolutionConfigurationPlatforms) = preSolution
		Debug|Any CPU = Debug|Any CPU
		Release|Any CPU = Release|Any CPU
	EndGlobalSection
	GlobalSection(ProjectConfigurationPlatforms) = postSolution
		{A6C63E3B-252E-4478-9FFF-7F5F4725131C}.Debug|Any CPU.ActiveCfg = Debug|Any CPU
		{A6C63E3B-252E-4478-9FFF-7F5F4725131C}.Debug|Any CPU.Build.0 = Debug|Any CPU
		{A6C63E3B-252E-4478-9FFF-7F5F4725131C}.Release|Any CPU.ActiveCfg = Release|Any CPU
		{A6C63E3B-252E-4478-9FFF-7F5F4725131C}.Release|Any CPU.Build.0 = Release|Any CPU
	EndGlobalSection
	GlobalSection(SolutionProperties) = preSolution
		HideSolutionNode = FALSE
	EndGlobalSection
	GlobalSection(ExtensibilityGlobals) = postSolution
		SolutionGuid = {86C7E4D9-8ECF-4C30-9404-FE275B272378}
	EndGlobalSection
EndGlobal
